{
    "_meta": {
        "hash": {
            "sha256": "98de4fcef99a3ae0e8e2ced1aabfe7b1e4be402526de249f25dd0b2cd24628e0"
        },
        "pipfile-spec": 6,
        "requires": {
            "python_version": "3.7"
        },
        "sources": [
            {
                "name": "pypi",
                "url": "https://pypi.org/simple",
                "verify_ssl": true
            }
        ]
    },
    "default": {
        "click": {
            "hashes": [
                "sha256:29f99fc6125fbc931b758dc053b3114e55c77a6e4c6c3a2674a2dc986016381d",
                "sha256:f15516df478d5a56180fbf80e68f206010e6d160fc39fa508b65e035fd75130b"
            ],
            "version": "==6.7"
        },
        "pydiggy": {
            "editable": true,
            "path": "."
        }
    },
    "develop": {}
}
